// !$*UTF8*$!
{
	archiveVersion = 1;
	classes = {
	};
	objectVersion = 50;
	objects = {

/* Begin PBXBuildFile section */
		2392596423D8A4A600B7FCD9 /* AppDelegate.swift in Sources */ = {isa = PBXBuildFile; fileRef = 2392596323D8A4A600B7FCD9 /* AppDelegate.swift */; };
		2392596623D8A4A600B7FCD9 /* SceneDelegate.swift in Sources */ = {isa = PBXBuildFile; fileRef = 2392596523D8A4A600B7FCD9 /* SceneDelegate.swift */; };
		2392596823D8A4A600B7FCD9 /* ViewController.swift in Sources */ = {isa = PBXBuildFile; fileRef = 2392596723D8A4A600B7FCD9 /* ViewController.swift */; };
		2392596B23D8A4A600B7FCD9 /* Main.storyboard in Resources */ = {isa = PBXBuildFile; fileRef = 2392596923D8A4A600B7FCD9 /* Main.storyboard */; };
		2392596D23D8A4AC00B7FCD9 /* Assets.xcassets in Resources */ = {isa = PBXBuildFile; fileRef = 2392596C23D8A4AC00B7FCD9 /* Assets.xcassets */; };
		2392597023D8A4AC00B7FCD9 /* LaunchScreen.storyboard in Resources */ = {isa = PBXBuildFile; fileRef = 2392596E23D8A4AC00B7FCD9 /* LaunchScreen.storyboard */; };
/* End PBXBuildFile section */

/* Begin PBXFileReference section */
		2392596023D8A4A600B7FCD9 /* test-r.app */ = {isa = PBXFileReference; explicitFileType = wrapper.application; includeInIndex = 0; path = "test-r.app"; sourceTree = BUILT_PRODUCTS_DIR; };
		2392596323D8A4A600B7FCD9 /* AppDelegate.swift */ = {isa = PBXFileReference; lastKnownFileType = sourcecode.swift; path = AppDelegate.swift; sourceTree = "<group>"; };
		2392596523D8A4A600B7FCD9 /* SceneDelegate.swift */ = {isa = PBXFileReference; lastKnownFileType = sourcecode.swift; path = SceneDelegate.swift; sourceTree = "<group>"; };
		2392596723D8A4A600B7FCD9 /* ViewController.swift */ = {isa = PBXFileReference; lastKnownFileType = sourcecode.swift; path = ViewController.swift; sourceTree = "<group>"; };
		2392596A23D8A4A600B7FCD9 /* Base */ = {isa = PBXFileReference; lastKnownFileType = file.storyboard; name = Base; path = Base.lproj/Main.storyboard; sourceTree = "<group>"; };
		2392596C23D8A4AC00B7FCD9 /* Assets.xcassets */ = {isa = PBXFileReference; lastKnownFileType = folder.assetcatalog; path = Assets.xcassets; sourceTree = "<group>"; };
		2392596F23D8A4AC00B7FCD9 /* Base */ = {isa = PBXFileReference; lastKnownFileType = file.storyboard; name = Base; path = Base.lproj/LaunchScreen.storyboard; sourceTree = "<group>"; };
		2392597123D8A4AC00B7FCD9 /* Info.plist */ = {isa = PBXFileReference; lastKnownFileType = text.plist.xml; path = Info.plist; sourceTree = "<group>"; };
/* End PBXFileReference section */

/* Begin PBXFrameworksBuildPhase section */
		2392595D23D8A4A600B7FCD9 /* Frameworks */ = {
			isa = PBXFrameworksBuildPhase;
			buildActionMask = 2147483647;
			files = (
			);
			runOnlyForDeploymentPostprocessing = 0;
		};
/* End PBXFrameworksBuildPhase section */

/* Begin PBXGroup section */
		2392595723D8A4A600B7FCD9 = {
			isa = PBXGroup;
			children = (
				2392596223D8A4A600B7FCD9 /* test-r */,
				2392596123D8A4A600B7FCD9 /* Products */,
			);
			sourceTree = "<group>";
		};
		2392596123D8A4A600B7FCD9 /* Products */ = {
			isa = PBXGroup;
			children = (
				2392596023D8A4A600B7FCD9 /* test-r.app */,
			);
			name = Products;
			sourceTree = "<group>";
		};
		2392596223D8A4A600B7FCD9 /* test-r */ = {
			isa = PBXGroup;
			children = (
				2392596323D8A4A600B7FCD9 /* AppDelegate.swift */,
				2392596523D8A4A600B7FCD9 /* SceneDelegate.swift */,
				2392596723D8A4A600B7FCD9 /* ViewController.swift */,
				2392596923D8A4A600B7FCD9 /* Main.storyboard */,
				2392596C23D8A4AC00B7FCD9 /* Assets.xcassets */,
				2392596E23D8A4AC00B7FCD9 /* LaunchScreen.storyboard */,
				2392597123D8A4AC00B7FCD9 /* Info.plist */,
			);
			path = "test-r";
			sourceTree = "<group>";
		};
/* End PBXGroup section */

/* Begin PBXNativeTarget section */
		2392595F23D8A4A600B7FCD9 /* test-r */ = {
			isa = PBXNativeTarget;
			buildConfigurationList = 2392597423D8A4AC00B7FCD9 /* Build configuration list for PBXNativeTarget "test-r" */;
			buildPhases = (
				2392595C23D8A4A600B7FCD9 /* Sources */,
				2392595D23D8A4A600B7FCD9 /* Frameworks */,
				2392595E23D8A4A600B7FCD9 /* Resources */,
			);
			buildRules = (
			);
			dependencies = (
			);
			name = "test-r";
			productName = "test-r";
			productReference = 2392596023D8A4A600B7FCD9 /* test-r.app */;
			productType = "com.apple.product-type.application";
		};
/* End PBXNativeTarget section */

/* Begin PBXProject section */
		2392595823D8A4A600B7FCD9 /* Project object */ = {
			isa = PBXProject;
			attributes = {
				LastSwiftUpdateCheck = 1120;
				LastUpgradeCheck = 1120;
				ORGANIZATIONNAME = "William Tomas";
				TargetAttributes = {
					2392595F23D8A4A600B7FCD9 = {
						CreatedOnToolsVersion = 11.2.1;
					};
				};
			};
			buildConfigurationList = 2392595B23D8A4A600B7FCD9 /* Build configuration list for PBXProject "test-r" */;
			compatibilityVersion = "Xcode 9.3";
			developmentRegion = en;
			hasScannedForEncodings = 0;
			knownRegions = (
				en,
				Base,
			);
			mainGroup = 2392595723D8A4A600B7FCD9;
			productRefGroup = 2392596123D8A4A600B7FCD9 /* Products */;
			projectDirPath = "";
			projectRoot = "";
			targets = (
				2392595F23D8A4A600B7FCD9 /* test-r */,
			);
		};
/* End PBXProject section */

/* Begin PBXResourcesBuildPhase section */
		2392595E23D8A4A600B7FCD9 /* Resources */ = {
			isa = PBXResourcesBuildPhase;
			buildActionMask = 2147483647;
			files = (
				2392597023D8A4AC00B7FCD9 /* LaunchScreen.storyboard in Resources */,
				2392596D23D8A4AC00B7FCD9 /* Assets.xcassets in Resources */,
				2392596B23D8A4A600B7FCD9 /* Main.storyboard in Resources */,
			);
			runOnlyForDeploymentPostprocessing = 0;
		};
/* End PBXResourcesBuildPhase section */

/* Begin PBXSourcesBuildPhase section */
		2392595C23D8A4A600B7FCD9 /* Sources */ = {
			isa = PBXSourcesBuildPhase;
			buildActionMask = 2147483647;
			files = (
				2392596823D8A4A600B7FCD9 /* ViewController.swift in Sources */,
				2392596423D8A4A600B7FCD9 /* AppDelegate.swift in Sources */,
				2392596623D8A4A600B7FCD9 /* SceneDelegate.swift in Sources */,
			);
			runOnlyForDeploymentPostprocessing = 0;
		};
/* End PBXSourcesBuildPhase section */

/* Begin PBXVariantGroup section */
		2392596923D8A4A600B7FCD9 /* Main.storyboard */ = {
			isa = PBXVariantGroup;
			children = (
				2392596A23D8A4A600B7FCD9 /* Base */,
			);
			name = Main.storyboard;
			sourceTree = "<group>";
		};
		2392596E23D8A4AC00B7FCD9 /* LaunchScreen.storyboard */ = {
			isa = PBXVariantGroup;
			children = (
				2392596F23D8A4AC00B7FCD9 /* Base */,
			);
			name = LaunchScreen.storyboard;
			sourceTree = "<group>";
		};
/* End PBXVariantGroup section */

/* Begin XCBuildConfiguration section */
		2392597223D8A4AC00B7FCD9 /* Debug */ = {
			isa = XCBuildConfiguration;
			buildSettings = {
				ALWAYS_SEARCH_USER_PATHS = NO;
				CLANG_ANALYZER_NONNULL = YES;
				CLANG_ANALYZER_NUMBER_OBJECT_CONVERSION = YES_AGGRESSIVE;
				CLANG_CXX_LANGUAGE_STANDARD = "gnu++14";
				CLANG_CXX_LIBRARY = "libc++";
				CLANG_ENABLE_MODULES = YES;
				CLANG_ENABLE_OBJC_ARC = YES;
				CLANG_ENABLE_OBJC_WEAK = YES;
				CLANG_WARN_BLOCK_CAPTURE_AUTORELEASING = YES;
				CLANG_WARN_BOOL_CONVERSION = YES;
				CLANG_WARN_COMMA = YES;
				CLANG_WARN_CONSTANT_CONVERSION = YES;
				CLANG_WARN_DEPRECATED_OBJC_IMPLEMENTATIONS = YES;
				CLANG_WARN_DIRECT_OBJC_ISA_USAGE = YES_ERROR;
				CLANG_WARN_DOCUMENTATION_COMMENTS = YES;
				CLANG_WARN_EMPTY_BODY = YES;
				CLANG_WARN_ENUM_CONVERSION = YES;
				CLANG_WARN_INFINITE_RECURSION = YES;
				CLANG_WARN_INT_CONVERSION = YES;
				CLANG_WARN_NON_LITERAL_NULL_CONVERSION = YES;
				CLANG_WARN_OBJC_IMPLICIT_RETAIN_SELF = YES;
				CLANG_WARN_OBJC_LITERAL_CONVERSION = YES;
				CLANG_WARN_OBJC_ROOT_CLASS = YES_ERROR;
				CLANG_WARN_RANGE_LOOP_ANALYSIS = YES;
				CLANG_WARN_STRICT_PROTOTYPES = YES;
				CLANG_WARN_SUSPICIOUS_MOVE = YES;
				CLANG_WARN_UNGUARDED_AVAILABILITY = YES_AGGRESSIVE;
				CLANG_WARN_UNREACHABLE_CODE = YES;
				CLANG_WARN__DUPLICATE_METHOD_MATCH = YES;
				COPY_PHASE_STRIP = NO;
				DEBUG_INFORMATION_FORMAT = dwarf;
				ENABLE_STRICT_OBJC_MSGSEND = YES;
				ENABLE_TESTABILITY = YES;
				GCC_C_LANGUAGE_STANDARD = gnu11;
				GCC_DYNAMIC_NO_PIC = NO;
				GCC_NO_COMMON_BLOCKS = YES;
				GCC_OPTIMIZATION_LEVEL = 0;
				GCC_PREPROCESSOR_DEFINITIONS = (
					"DEBUG=1",
					"$(inherited)",
				);
				GCC_WARN_64_TO_32_BIT_CONVERSION = YES;
				GCC_WARN_ABOUT_RETURN_TYPE = YES_ERROR;
				GCC_WARN_UNDECLARED_SELECTOR = YES;
				GCC_WARN_UNINITIALIZED_AUTOS = YES_AGGRESSIVE;
				GCC_WARN_UNUSED_FUNCTION = YES;
				GCC_WARN_UNUSED_VARIABLE = YES;
				IPHONEOS_DEPLOYMENT_TARGET = 13.2;
				MTL_ENABLE_DEBUG_INFO = INCLUDE_SOURCE;
				MTL_FAST_MATH = YES;
				ONLY_ACTIVE_ARCH = YES;
				SDKROOT = iphoneos;
				SWIFT_ACTIVE_COMPILATION_CONDITIONS = DEBUG;
				SWIFT_OPTIMIZATION_LEVEL = "-Onone";
			};
			name = Debug;
		};
		2392597323D8A4AC00B7FCD9 /* Release */ = {
			isa = XCBuildConfiguration;
			buildSettings = {
				ALWAYS_SEARCH_USER_PATHS = NO;
				CLANG_ANALYZER_NONNULL = YES;
				CLANG_ANALYZER_NUMBER_OBJECT_CONVERSION = YES_AGGRESSIVE;
				CLANG_CXX_LANGUAGE_STANDARD = "gnu++14";
				CLANG_CXX_LIBRARY = "libc++";
				CLANG_ENABLE_MODULES = YES;
				CLANG_ENABLE_OBJC_ARC = YES;
				CLANG_ENABLE_OBJC_WEAK = YES;
				CLANG_WARN_BLOCK_CAPTURE_AUTORELEASING = YES;
				CLANG_WARN_BOOL_CONVERSION = YES;
				CLANG_WARN_COMMA = YES;
				CLANG_WARN_CONSTANT_CONVERSION = YES;
				CLANG_WARN_DEPRECATED_OBJC_IMPLEMENTATIONS = YES;
				CLANG_WARN_DIRECT_OBJC_ISA_USAGE = YES_ERROR;
				CLANG_WARN_DOCUMENTATION_COMMENTS = YES;
				CLANG_WARN_EMPTY_BODY = YES;
				CLANG_WARN_ENUM_CONVERSION = YES;
				CLANG_WARN_INFINITE_RECURSION = YES;
				CLANG_WARN_INT_CONVERSION = YES;
				CLANG_WARN_NON_LITERAL_NULL_CONVERSION = YES;
				CLANG_WARN_OBJC_IMPLICIT_RETAIN_SELF = YES;
				CLANG_WARN_OBJC_LITERAL_CONVERSION = YES;
				CLANG_WARN_OBJC_ROOT_CLASS = YES_ERROR;
				CLANG_WARN_RANGE_LOOP_ANALYSIS = YES;
				CLANG_WARN_STRICT_PROTOTYPES = YES;
				CLANG_WARN_SUSPICIOUS_MOVE = YES;
				CLANG_WARN_UNGUARDED_AVAILABILITY = YES_AGGRESSIVE;
				CLANG_WARN_UNREACHABLE_CODE = YES;
				CLANG_WARN__DUPLICATE_METHOD_MATCH = YES;
				COPY_PHASE_STRIP = NO;
				DEBUG_INFORMATION_FORMAT = "dwarf-with-dsym";
				ENABLE_NS_ASSERTIONS = NO;
				ENABLE_STRICT_OBJC_MSGSEND = YES;
				GCC_C_LANGUAGE_STANDARD = gnu11;
				GCC_NO_COMMON_BLOCKS = YES;
				GCC_WARN_64_TO_32_BIT_CONVERSION = YES;
				GCC_WARN_ABOUT_RETURN_TYPE = YES_ERROR;
				GCC_WARN_UNDECLARED_SELECTOR = YES;
				GCC_WARN_UNINITIALIZED_AUTOS = YES_AGGRESSIVE;
				GCC_WARN_UNUSED_FUNCTION = YES;
				GCC_WARN_UNUSED_VARIABLE = YES;
				IPHONEOS_DEPLOYMENT_TARGET = 13.2;
				MTL_ENABLE_DEBUG_INFO = NO;
				MTL_FAST_MATH = YES;
				SDKROOT = iphoneos;
				SWIFT_COMPILATION_MODE = wholemodule;
				SWIFT_OPTIMIZATION_LEVEL = "-O";
				VALIDATE_PRODUCT = YES;
			};
			name = Release;
		};
		2392597523D8A4AC00B7FCD9 /* Debug */ = {
			isa = XCBuildConfiguration;
			buildSettings = {
				ASSETCATALOG_COMPILER_APPICON_NAME = AppIcon;
				CODE_SIGN_STYLE = Automatic;
				DEVELOPMENT_TEAM = LTA333AJT9;
				INFOPLIST_FILE = "test-r/Info.plist";
				LD_RUNPATH_SEARCH_PATHS = (
					"$(inherited)",
					"@executable_path/Frameworks",
				);
				PRODUCT_BUNDLE_IDENTIFIER = "mobiapps.test-r";
				PRODUCT_NAME = "$(TARGET_NAME)";
				SWIFT_VERSION = 5.0;
				TARGETED_DEVICE_FAMILY = "1,2";
			};
			name = Debug;
		};
		2392597623D8A4AC00B7FCD9 /* Release */ = {
			isa = XCBuildConfiguration;
			buildSettings = {
				ASSETCATALOG_COMPILER_APPICON_NAME = AppIcon;
				CODE_SIGN_STYLE = Automatic;
				DEVELOPMENT_TEAM = LTA333AJT9;
				INFOPLIST_FILE = "test-r/Info.plist";
				LD_RUNPATH_SEARCH_PATHS = (
					"$(inherited)",
					"@executable_path/Frameworks",
				);
				PRODUCT_BUNDLE_IDENTIFIER = "mobiapps.test-r";
				PRODUCT_NAME = "$(TARGET_NAME)";
				SWIFT_VERSION = 5.0;
				TARGETED_DEVICE_FAMILY = "1,2";
			};
			name = Release;
		};
/* End XCBuildConfiguration section */

/* Begin XCConfigurationList section */
		2392595B23D8A4A600B7FCD9 /* Build configuration list for PBXProject "test-r" */ = {
			isa = XCConfigurationList;
			buildConfigurations = (
				2392597223D8A4AC00B7FCD9 /* Debug */,
				2392597323D8A4AC00B7FCD9 /* Release */,
			);
			defaultConfigurationIsVisible = 0;
			defaultConfigurationName = Release;
		};
		2392597423D8A4AC00B7FCD9 /* Build configuration list for PBXNativeTarget "test-r" */ = {
			isa = XCConfigurationList;
			buildConfigurations = (
				2392597523D8A4AC00B7FCD9 /* Debug */,
				2392597623D8A4AC00B7FCD9 /* Release */,
			);
			defaultConfigurationIsVisible = 0;
			defaultConfigurationName = Release;
		};
/* End XCConfigurationList section */
	};
	rootObject = 2392595823D8A4A600B7FCD9 /* Project object */;
}
